
Microsoft Visual Studio Solution File, Format Version 12.00
# Visual Studio Version 16
VisualStudioVersion = 16.0.32002.261
MinimumVisualStudioVersion = 10.0.40219.1
Project("{FAE04EC0-301F-11D3-BF4B-00C04F79EFBC}") = "01_Project", "01_Project\01_Project.csproj", "{E5096238-4E93-4C99-8679-D19D1EEE3151}"
EndProject
Project("{FAE04EC0-301F-11D3-BF4B-00C04F79EFBC}") = "01_Project_Emmet", "01_Project_Emmet\01_Project_Emmet.csproj", "{9956CD17-2424-49CA-B231-DCAE790DB0F3}"
EndProject
Project("{FAE04EC0-301F-11D3-BF4B-00C04F79EFBC}") = "02_RazorSyntax", "02_RazorSyntax\02_RazorSyntax.csproj", "{DE09CC51-EF8C-473D-A6D5-48500955B977}"
EndProject
Project("{FAE04EC0-301F-11D3-BF4B-00C04F79EFBC}") = "02_HelperMethods", "HelperMethods\02_HelperMethods.csproj", "{5051E0D9-741C-43DD-BD2E-6BEE6923A194}"
EndProject
Project("{FAE04EC0-301F-11D3-BF4B-00C04F79EFBC}") = "03_Views", "03_Views\03_Views.csproj", "{6DAA55A8-3270-4662-BA8D-7B2F66A352FC}"
EndProject
Project("{FAE04EC0-301F-11D3-BF4B-00C04F79EFBC}") = "03_NestedLayoutWithSection", "03_NestedLayoutWithSection\03_NestedLayoutWithSection.csproj", "{70C45E90-790B-4ADA-8A90-6A966F20ABEC}"
EndProject
Project("{FAE04EC0-301F-11D3-BF4B-00C04F79EFBC}") = "04_PartialViewSample", "04_PartialViewSample\04_PartialViewSample.csproj", "{06E3F4E1-E0FF-4F4E-8F5C-8F538E9B3104}"
EndProject
Project("{FAE04EC0-301F-11D3-BF4B-00C04F79EFBC}") = "05_ControllerToView", "05_ControllerToView\05_ControllerToView.csproj", "{E99BDD93-E4F8-4408-8C55-BF555D36BED8}"
EndProject
Project("{FAE04EC0-301F-11D3-BF4B-00C04F79EFBC}") = "06_ViewToController", "06_ViewToController\06_ViewToController.csproj", "{FB86BEDC-274C-4F06-BCCC-4B01337C0F63}"
EndProject
Project("{FAE04EC0-301F-11D3-BF4B-00C04F79EFBC}") = "07_ModelsModelBinding", "07_ModelsModelBinding\07_ModelsModelBinding.csproj", "{966F103A-ABD1-419C-B8D0-DFC5D6780A3D}"
EndProject
Project("{FAE04EC0-301F-11D3-BF4B-00C04F79EFBC}") = "08_Bootstrap_HelperMethods", "08_Bootstrap_HelperMethods\08_Bootstrap_HelperMethods.csproj", "{EB01B5DF-BB1E-49A1-8413-4843E5398BF3}"
EndProject
Project("{FAE04EC0-301F-11D3-BF4B-00C04F79EFBC}") = "08_HelperMethodsWithBootstrap", "08_HelperMethodsWithBootstrap\08_HelperMethodsWithBootstrap.csproj", "{AC46B56D-8BB5-4228-841A-00F519C24620}"
EndProject
Global
	GlobalSection(SolutionConfigurationPlatforms) = preSolution
		Debug|Any CPU = Debug|Any CPU
		Release|Any CPU = Release|Any CPU
	EndGlobalSection
	GlobalSection(ProjectConfigurationPlatforms) = postSolution
		{E5096238-4E93-4C99-8679-D19D1EEE3151}.Debug|Any CPU.ActiveCfg = Debug|Any CPU
		{E5096238-4E93-4C99-8679-D19D1EEE3151}.Debug|Any CPU.Build.0 = Debug|Any CPU
		{E5096238-4E93-4C99-8679-D19D1EEE3151}.Release|Any CPU.ActiveCfg = Release|Any CPU
		{E5096238-4E93-4C99-8679-D19D1EEE3151}.Release|Any CPU.Build.0 = Release|Any CPU
		{9956CD17-2424-49CA-B231-DCAE790DB0F3}.Debug|Any CPU.ActiveCfg = Debug|Any CPU
		{9956CD17-2424-49CA-B231-DCAE790DB0F3}.Debug|Any CPU.Build.0 = Debug|Any CPU
		{9956CD17-2424-49CA-B231-DCAE790DB0F3}.Release|Any CPU.ActiveCfg = Release|Any CPU
		{9956CD17-2424-49CA-B231-DCAE790DB0F3}.Release|Any CPU.Build.0 = Release|Any CPU
		{DE09CC51-EF8C-473D-A6D5-48500955B977}.Debug|Any CPU.ActiveCfg = Debug|Any CPU
		{DE09CC51-EF8C-473D-A6D5-48500955B977}.Debug|Any CPU.Build.0 = Debug|Any CPU
		{DE09CC51-EF8C-473D-A6D5-48500955B977}.Release|Any CPU.ActiveCfg = Release|Any CPU
		{DE09CC51-EF8C-473D-A6D5-48500955B977}.Release|Any CPU.Build.0 = Release|Any CPU
		{5051E0D9-741C-43DD-BD2E-6BEE6923A194}.Debug|Any CPU.ActiveCfg = Debug|Any CPU
		{5051E0D9-741C-43DD-BD2E-6BEE6923A194}.Debug|Any CPU.Build.0 = Debug|Any CPU
		{5051E0D9-741C-43DD-BD2E-6BEE6923A194}.Release|Any CPU.ActiveCfg = Release|Any CPU
		{5051E0D9-741C-43DD-BD2E-6BEE6923A194}.Release|Any CPU.Build.0 = Release|Any CPU
		{6DAA55A8-3270-4662-BA8D-7B2F66A352FC}.Debug|Any CPU.ActiveCfg = Debug|Any CPU
		{6DAA55A8-3270-4662-BA8D-7B2F66A352FC}.Debug|Any CPU.Build.0 = Debug|Any CPU
		{6DAA55A8-3270-4662-BA8D-7B2F66A352FC}.Release|Any CPU.ActiveCfg = Release|Any CPU
		{6DAA55A8-3270-4662-BA8D-7B2F66A352FC}.Release|Any CPU.Build.0 = Release|Any CPU
		{70C45E90-790B-4ADA-8A90-6A966F20ABEC}.Debug|Any CPU.ActiveCfg = Debug|Any CPU
		{70C45E90-790B-4ADA-8A90-6A966F20ABEC}.Debug|Any CPU.Build.0 = Debug|Any CPU
		{70C45E90-790B-4ADA-8A90-6A966F20ABEC}.Release|Any CPU.ActiveCfg = Release|Any CPU
		{70C45E90-790B-4ADA-8A90-6A966F20ABEC}.Release|Any CPU.Build.0 = Release|Any CPU
		{06E3F4E1-E0FF-4F4E-8F5C-8F538E9B3104}.Debug|Any CPU.ActiveCfg = Debug|Any CPU
		{06E3F4E1-E0FF-4F4E-8F5C-8F538E9B3104}.Debug|Any CPU.Build.0 = Debug|Any CPU
		{06E3F4E1-E0FF-4F4E-8F5C-8F538E9B3104}.Release|Any CPU.ActiveCfg = Release|Any CPU
		{06E3F4E1-E0FF-4F4E-8F5C-8F538E9B3104}.Release|Any CPU.Build.0 = Release|Any CPU
		{E99BDD93-E4F8-4408-8C55-BF555D36BED8}.Debug|Any CPU.ActiveCfg = Debug|Any CPU
		{E99BDD93-E4F8-4408-8C55-BF555D36BED8}.Debug|Any CPU.Build.0 = Debug|Any CPU
		{E99BDD93-E4F8-4408-8C55-BF555D36BED8}.Release|Any CPU.ActiveCfg = Release|Any CPU
		{E99BDD93-E4F8-4408-8C55-BF555D36BED8}.Release|Any CPU.Build.0 = Release|Any CPU
		{FB86BEDC-274C-4F06-BCCC-4B01337C0F63}.Debug|Any CPU.ActiveCfg = Debug|Any CPU
		{FB86BEDC-274C-4F06-BCCC-4B01337C0F63}.Debug|Any CPU.Build.0 = Debug|Any CPU
		{FB86BEDC-274C-4F06-BCCC-4B01337C0F63}.Release|Any CPU.ActiveCfg = Release|Any CPU
		{FB86BEDC-274C-4F06-BCCC-4B01337C0F63}.Release|Any CPU.Build.0 = Release|Any CPU
		{966F103A-ABD1-419C-B8D0-DFC5D6780A3D}.Debug|Any CPU.ActiveCfg = Debug|Any CPU
		{966F103A-ABD1-419C-B8D0-DFC5D6780A3D}.Debug|Any CPU.Build.0 = Debug|Any CPU
		{966F103A-ABD1-419C-B8D0-DFC5D6780A3D}.Release|Any CPU.ActiveCfg = Release|Any CPU
		{966F103A-ABD1-419C-B8D0-DFC5D6780A3D}.Release|Any CPU.Build.0 = Release|Any CPU
		{EB01B5DF-BB1E-49A1-8413-4843E5398BF3}.Debug|Any CPU.ActiveCfg = Debug|Any CPU
		{EB01B5DF-BB1E-49A1-8413-4843E5398BF3}.Debug|Any CPU.Build.0 = Debug|Any CPU
		{EB01B5DF-BB1E-49A1-8413-4843E5398BF3}.Release|Any CPU.ActiveCfg = Release|Any CPU
		{EB01B5DF-BB1E-49A1-8413-4843E5398BF3}.Release|Any CPU.Build.0 = Release|Any CPU
		{AC46B56D-8BB5-4228-841A-00F519C24620}.Debug|Any CPU.ActiveCfg = Debug|Any CPU
		{AC46B56D-8BB5-4228-841A-00F519C24620}.Debug|Any CPU.Build.0 = Debug|Any CPU
		{AC46B56D-8BB5-4228-841A-00F519C24620}.Release|Any CPU.ActiveCfg = Release|Any CPU
		{AC46B56D-8BB5-4228-841A-00F519C24620}.Release|Any CPU.Build.0 = Release|Any CPU
	EndGlobalSection
	GlobalSection(SolutionProperties) = preSolution
		HideSolutionNode = FALSE
	EndGlobalSection
	GlobalSection(ExtensibilityGlobals) = postSolution
		SolutionGuid = {50D09248-CCD2-4176-A1F7-A729061E3BE1}
	EndGlobalSection
EndGlobal
